// !$*UTF8*$!
{
	archiveVersion = 1;
	classes = {
	};
	objectVersion = 46;
	objects = {

/* Begin PBXBuildFile section */
		2587373A9BC996D82E0FB565 /* Pods_LocationTalk.framework in Frameworks */ = {isa = PBXBuildFile; fileRef = 09560E0EB15FE83AC6051FBD /* Pods_LocationTalk.framework */; };
		2C1DDB091E22C378007C4165 /* CustomPresentAnimationController.swift in Sources */ = {isa = PBXBuildFile; fileRef = 2C1DDB081E22C378007C4165 /* CustomPresentAnimationController.swift */; };
		2C1DDB0D1E23B2CF007C4165 /* Message.swift in Sources */ = {isa = PBXBuildFile; fileRef = 2C1DDB0C1E23B2CF007C4165 /* Message.swift */; };
		2C1DDB0F1E23BF69007C4165 /* FirebaseMessage.swift in Sources */ = {isa = PBXBuildFile; fileRef = 2C1DDB0E1E23BF69007C4165 /* FirebaseMessage.swift */; };
		2C2B56401E2CFF82003E0F0A /* LocationView.xib in Resources */ = {isa = PBXBuildFile; fileRef = 2C2B563F1E2CFF82003E0F0A /* LocationView.xib */; };
		2C2B56421E2D0462003E0F0A /* LocationView.swift in Sources */ = {isa = PBXBuildFile; fileRef = 2C2B56411E2D0462003E0F0A /* LocationView.swift */; };
		2C3AE4501E5EDF6400431706 /* MessageListCell.swift in Sources */ = {isa = PBXBuildFile; fileRef = 2C3AE44E1E5EDF6400431706 /* MessageListCell.swift */; };
		2C3AE4511E5EDF6400431706 /* MessageListCell.xib in Resources */ = {isa = PBXBuildFile; fileRef = 2C3AE44F1E5EDF6400431706 /* MessageListCell.xib */; };
		2C3AE4561E5EE3AD00431706 /* Extension.swift in Sources */ = {isa = PBXBuildFile; fileRef = 2C3AE4551E5EE3AD00431706 /* Extension.swift */; };
		2C3AE4581E5F235600431706 /* MessageMapListViewController.swift in Sources */ = {isa = PBXBuildFile; fileRef = 2C3AE4571E5F235600431706 /* MessageMapListViewController.swift */; };
		2C3D0D1F1E22295E008184B0 /* icon.xcassets in Resources */ = {isa = PBXBuildFile; fileRef = 2C3D0D1E1E22295E008184B0 /* icon.xcassets */; };
		2C3D0D211E223AA5008184B0 /* SendMessageHeaderView.xib in Resources */ = {isa = PBXBuildFile; fileRef = 2C3D0D201E223AA5008184B0 /* SendMessageHeaderView.xib */; };
		2C3D0D231E224788008184B0 /* SendMessageHeaderView.swift in Sources */ = {isa = PBXBuildFile; fileRef = 2C3D0D221E224788008184B0 /* SendMessageHeaderView.swift */; };
		2C4AED341E126A4200FCE88F /* Constants.swift in Sources */ = {isa = PBXBuildFile; fileRef = 2C4AED331E126A4200FCE88F /* Constants.swift */; };
		2C4AED371E126A7400FCE88F /* AccountProtocol.swift in Sources */ = {isa = PBXBuildFile; fileRef = 2C4AED361E126A7400FCE88F /* AccountProtocol.swift */; };
		2C4AED391E126AAC00FCE88F /* LoginViewController.swift in Sources */ = {isa = PBXBuildFile; fileRef = 2C4AED381E126AAC00FCE88F /* LoginViewController.swift */; };
		2C4AED3B1E126AD800FCE88F /* SignUpViewController.swift in Sources */ = {isa = PBXBuildFile; fileRef = 2C4AED3A1E126AD800FCE88F /* SignUpViewController.swift */; };
		2C4AED3F1E126EA000FCE88F /* FriendListViewController.swift in Sources */ = {isa = PBXBuildFile; fileRef = 2C4AED3E1E126EA000FCE88F /* FriendListViewController.swift */; };
		2C4AED411E126EC700FCE88F /* AddFriendByEmailViewController.swift in Sources */ = {isa = PBXBuildFile; fileRef = 2C4AED401E126EC700FCE88F /* AddFriendByEmailViewController.swift */; };
		2C4B35DF1E14FFBE007C4C30 /* FriendInfo.swift in Sources */ = {isa = PBXBuildFile; fileRef = 2C4B35DE1E14FFBE007C4C30 /* FriendInfo.swift */; };
		2C4B35E11E1514A7007C4C30 /* MyProfile.swift in Sources */ = {isa = PBXBuildFile; fileRef = 2C4B35E01E1514A7007C4C30 /* MyProfile.swift */; };
		2CA746B01E657BD30032F67E /* MessageObject.swift in Sources */ = {isa = PBXBuildFile; fileRef = 2CA746AF1E657BD30032F67E /* MessageObject.swift */; };
		2CB942401E1CD79F0022A463 /* FirebaseAuth.swift in Sources */ = {isa = PBXBuildFile; fileRef = 2CB9423F1E1CD79F0022A463 /* FirebaseAuth.swift */; };
		2CB9424B1E1D576D0022A463 /* LoginView.xib in Resources */ = {isa = PBXBuildFile; fileRef = 2CB9424A1E1D576D0022A463 /* LoginView.xib */; };
		2CB9424D1E1D5EA80022A463 /* LoginView.swift in Sources */ = {isa = PBXBuildFile; fileRef = 2CB9424C1E1D5EA80022A463 /* LoginView.swift */; };
		2CBFB2E81E6031C8008AE60C /* AuthObject.swift in Sources */ = {isa = PBXBuildFile; fileRef = 2CBFB2E71E6031C8008AE60C /* AuthObject.swift */; };
		2CBFB2EA1E6047CE008AE60C /* FriendshipObject.swift in Sources */ = {isa = PBXBuildFile; fileRef = 2CBFB2E91E6047CE008AE60C /* FriendshipObject.swift */; };
		2CD507C81E3DDEA30095CD4E /* MessageListViewController.swift in Sources */ = {isa = PBXBuildFile; fileRef = 2CD507C71E3DDEA30095CD4E /* MessageListViewController.swift */; };
		2CD507CA1E3E1C1E0095CD4E /* MessageTableListViewController.swift in Sources */ = {isa = PBXBuildFile; fileRef = 2CD507C91E3E1C1E0095CD4E /* MessageTableListViewController.swift */; };
		2CD507D01E3F79190095CD4E /* ShowMessageView.xib in Resources */ = {isa = PBXBuildFile; fileRef = 2CD507CF1E3F79190095CD4E /* ShowMessageView.xib */; };
		2CD507D21E3F7A180095CD4E /* ShowMessageView.swift in Sources */ = {isa = PBXBuildFile; fileRef = 2CD507D11E3F7A180095CD4E /* ShowMessageView.swift */; };
		2CD507D41E3F90130095CD4E /* MyAnimation.swift in Sources */ = {isa = PBXBuildFile; fileRef = 2CD507D31E3F90130095CD4E /* MyAnimation.swift */; };
		2CDD47901E1E4C8F00728B8C /* SignUpView.xib in Resources */ = {isa = PBXBuildFile; fileRef = 2CDD478F1E1E4C8F00728B8C /* SignUpView.xib */; };
		2CDD47921E1E504500728B8C /* SignUpView.swift in Sources */ = {isa = PBXBuildFile; fileRef = 2CDD47911E1E504500728B8C /* SignUpView.swift */; };
		2CDD47941E1E950E00728B8C /* MessageViewController.swift in Sources */ = {isa = PBXBuildFile; fileRef = 2CDD47931E1E950E00728B8C /* MessageViewController.swift */; };
		2CDF48611E1260FE002DD580 /* AppDelegate.swift in Sources */ = {isa = PBXBuildFile; fileRef = 2CDF48601E1260FE002DD580 /* AppDelegate.swift */; };
		2CDF48661E1260FE002DD580 /* Main.storyboard in Resources */ = {isa = PBXBuildFile; fileRef = 2CDF48641E1260FE002DD580 /* Main.storyboard */; };
		2CDF48691E1260FE002DD580 /* LocationTalk.xcdatamodeld in Sources */ = {isa = PBXBuildFile; fileRef = 2CDF48671E1260FE002DD580 /* LocationTalk.xcdatamodeld */; };
		2CDF486B1E1260FE002DD580 /* Assets.xcassets in Resources */ = {isa = PBXBuildFile; fileRef = 2CDF486A1E1260FE002DD580 /* Assets.xcassets */; };
		2CDF486E1E1260FE002DD580 /* LaunchScreen.storyboard in Resources */ = {isa = PBXBuildFile; fileRef = 2CDF486C1E1260FE002DD580 /* LaunchScreen.storyboard */; };
		2CDF48791E1260FE002DD580 /* LocationTalkTests.swift in Sources */ = {isa = PBXBuildFile; fileRef = 2CDF48781E1260FE002DD580 /* LocationTalkTests.swift */; };
		2CDF48841E12617A002DD580 /* GoogleService-Info.plist in Resources */ = {isa = PBXBuildFile; fileRef = 2CDF48831E12617A002DD580 /* GoogleService-Info.plist */; };
		2CE029D01E3CAB3F00A1D15C /* MyUser.swift in Sources */ = {isa = PBXBuildFile; fileRef = 2CE029CF1E3CAB3F00A1D15C /* MyUser.swift */; };
		2CE029D41E3CADC600A1D15C /* Database.swift in Sources */ = {isa = PBXBuildFile; fileRef = 2CE029D31E3CADC600A1D15C /* Database.swift */; };
		2CE029DC1E3CDFD600A1D15C /* AddFriendByEmailView.xib in Resources */ = {isa = PBXBuildFile; fileRef = 2CE029DB1E3CDFD600A1D15C /* AddFriendByEmailView.xib */; };
		2CE029DE1E3CE34500A1D15C /* AddFriendByEmailView.swift in Sources */ = {isa = PBXBuildFile; fileRef = 2CE029DD1E3CE34500A1D15C /* AddFriendByEmailView.swift */; };
		2CE1D1431E28D642007F3804 /* AddFriendViewController.swift in Sources */ = {isa = PBXBuildFile; fileRef = 2CE1D1421E28D642007F3804 /* AddFriendViewController.swift */; };
		2CE1D1451E28DA09007F3804 /* AddFriendByQRViewController.swift in Sources */ = {isa = PBXBuildFile; fileRef = 2CE1D1441E28DA09007F3804 /* AddFriendByQRViewController.swift */; };
		2CE1D1471E28DBA6007F3804 /* MyQRcodeViewController.swift in Sources */ = {isa = PBXBuildFile; fileRef = 2CE1D1461E28DBA6007F3804 /* MyQRcodeViewController.swift */; };
		2CE1D1491E28DBC9007F3804 /* QRcodeScannerViewController.swift in Sources */ = {isa = PBXBuildFile; fileRef = 2CE1D1481E28DBC9007F3804 /* QRcodeScannerViewController.swift */; };
		2CE1D14B1E2B64B2007F3804 /* LocationViewController.swift in Sources */ = {isa = PBXBuildFile; fileRef = 2CE1D14A1E2B64B2007F3804 /* LocationViewController.swift */; };
		2CE1D1501E2B697A007F3804 /* MyPlaceServices.swift in Sources */ = {isa = PBXBuildFile; fileRef = 2CE1D14F1E2B697A007F3804 /* MyPlaceServices.swift */; };
		2CE1D1531E2B83ED007F3804 /* UserPermission.swift in Sources */ = {isa = PBXBuildFile; fileRef = 2CE1D1521E2B83ED007F3804 /* UserPermission.swift */; };
		2CEA506B1E1BA02B0064E553 /* InvitationViewController.swift in Sources */ = {isa = PBXBuildFile; fileRef = 2CEA506A1E1BA02B0064E553 /* InvitationViewController.swift */; };
		2CF5A4DB1E30C68A008514DD /* FirebaseFriendship.swift in Sources */ = {isa = PBXBuildFile; fileRef = 2CF5A4DA1E30C68A008514DD /* FirebaseFriendship.swift */; };
		B7B524B9CBFE0F7D403B98C8 /* Pods_LocationTalkTests.framework in Frameworks */ = {isa = PBXBuildFile; fileRef = 11540A9C0B3C9CCB3758A532 /* Pods_LocationTalkTests.framework */; };
/* End PBXBuildFile section */

/* Begin PBXContainerItemProxy section */
		2CDF48751E1260FE002DD580 /* PBXContainerItemProxy */ = {
			isa = PBXContainerItemProxy;
			containerPortal = 2CDF48551E1260FE002DD580 /* Project object */;
			proxyType = 1;
			remoteGlobalIDString = 2CDF485C1E1260FE002DD580;
			remoteInfo = LocationTalk;
		};
/* End PBXContainerItemProxy section */

/* Begin PBXFileReference section */
		09560E0EB15FE83AC6051FBD /* Pods_LocationTalk.framework */ = {isa = PBXFileReference; explicitFileType = wrapper.framework; includeInIndex = 0; path = Pods_LocationTalk.framework; sourceTree = BUILT_PRODUCTS_DIR; };
		11540A9C0B3C9CCB3758A532 /* Pods_LocationTalkTests.framework */ = {isa = PBXFileReference; explicitFileType = wrapper.framework; includeInIndex = 0; path = Pods_LocationTalkTests.framework; sourceTree = BUILT_PRODUCTS_DIR; };
		2C1DDB081E22C378007C4165 /* CustomPresentAnimationController.swift */ = {isa = PBXFileReference; fileEncoding = 4; lastKnownFileType = sourcecode.swift; path = CustomPresentAnimationController.swift; sourceTree = "<group>"; };
		2C1DDB0C1E23B2CF007C4165 /* Message.swift */ = {isa = PBXFileReference; fileEncoding = 4; lastKnownFileType = sourcecode.swift; path = Message.swift; sourceTree = "<group>"; };
		2C1DDB0E1E23BF69007C4165 /* FirebaseMessage.swift */ = {isa = PBXFileReference; fileEncoding = 4; lastKnownFileType = sourcecode.swift; path = FirebaseMessage.swift; sourceTree = "<group>"; };
		2C2B563F1E2CFF82003E0F0A /* LocationView.xib */ = {isa = PBXFileReference; fileEncoding = 4; lastKnownFileType = file.xib; path = LocationView.xib; sourceTree = "<group>"; };
		2C2B56411E2D0462003E0F0A /* LocationView.swift */ = {isa = PBXFileReference; fileEncoding = 4; lastKnownFileType = sourcecode.swift; path = LocationView.swift; sourceTree = "<group>"; };
		2C3AE44E1E5EDF6400431706 /* MessageListCell.swift */ = {isa = PBXFileReference; fileEncoding = 4; lastKnownFileType = sourcecode.swift; path = MessageListCell.swift; sourceTree = "<group>"; };
		2C3AE44F1E5EDF6400431706 /* MessageListCell.xib */ = {isa = PBXFileReference; fileEncoding = 4; lastKnownFileType = file.xib; path = MessageListCell.xib; sourceTree = "<group>"; };
		2C3AE4551E5EE3AD00431706 /* Extension.swift */ = {isa = PBXFileReference; fileEncoding = 4; lastKnownFileType = sourcecode.swift; path = Extension.swift; sourceTree = "<group>"; };
		2C3AE4571E5F235600431706 /* MessageMapListViewController.swift */ = {isa = PBXFileReference; fileEncoding = 4; lastKnownFileType = sourcecode.swift; path = MessageMapListViewController.swift; sourceTree = "<group>"; };
		2C3D0D1E1E22295E008184B0 /* icon.xcassets */ = {isa = PBXFileReference; lastKnownFileType = folder.assetcatalog; path = icon.xcassets; sourceTree = "<group>"; };
		2C3D0D201E223AA5008184B0 /* SendMessageHeaderView.xib */ = {isa = PBXFileReference; fileEncoding = 4; lastKnownFileType = file.xib; path = SendMessageHeaderView.xib; sourceTree = "<group>"; };
		2C3D0D221E224788008184B0 /* SendMessageHeaderView.swift */ = {isa = PBXFileReference; fileEncoding = 4; lastKnownFileType = sourcecode.swift; path = SendMessageHeaderView.swift; sourceTree = "<group>"; };
		2C4AED331E126A4200FCE88F /* Constants.swift */ = {isa = PBXFileReference; fileEncoding = 4; lastKnownFileType = sourcecode.swift; path = Constants.swift; sourceTree = "<group>"; };
		2C4AED361E126A7400FCE88F /* AccountProtocol.swift */ = {isa = PBXFileReference; fileEncoding = 4; lastKnownFileType = sourcecode.swift; path = AccountProtocol.swift; sourceTree = "<group>"; };
		2C4AED381E126AAC00FCE88F /* LoginViewController.swift */ = {isa = PBXFileReference; fileEncoding = 4; lastKnownFileType = sourcecode.swift; path = LoginViewController.swift; sourceTree = "<group>"; };
		2C4AED3A1E126AD800FCE88F /* SignUpViewController.swift */ = {isa = PBXFileReference; fileEncoding = 4; lastKnownFileType = sourcecode.swift; path = SignUpViewController.swift; sourceTree = "<group>"; };
		2C4AED3E1E126EA000FCE88F /* FriendListViewController.swift */ = {isa = PBXFileReference; fileEncoding = 4; lastKnownFileType = sourcecode.swift; path = FriendListViewController.swift; sourceTree = "<group>"; };
		2C4AED401E126EC700FCE88F /* AddFriendByEmailViewController.swift */ = {isa = PBXFileReference; fileEncoding = 4; lastKnownFileType = sourcecode.swift; path = AddFriendByEmailViewController.swift; sourceTree = "<group>"; };
		2C4B35DE1E14FFBE007C4C30 /* FriendInfo.swift */ = {isa = PBXFileReference; fileEncoding = 4; lastKnownFileType = sourcecode.swift; path = FriendInfo.swift; sourceTree = "<group>"; };
		2C4B35E01E1514A7007C4C30 /* MyProfile.swift */ = {isa = PBXFileReference; fileEncoding = 4; lastKnownFileType = sourcecode.swift; path = MyProfile.swift; sourceTree = "<group>"; };
		2CA746AF1E657BD30032F67E /* MessageObject.swift */ = {isa = PBXFileReference; fileEncoding = 4; lastKnownFileType = sourcecode.swift; path = MessageObject.swift; sourceTree = "<group>"; };
		2CB9423F1E1CD79F0022A463 /* FirebaseAuth.swift */ = {isa = PBXFileReference; fileEncoding = 4; lastKnownFileType = sourcecode.swift; path = FirebaseAuth.swift; sourceTree = "<group>"; };
		2CB9424A1E1D576D0022A463 /* LoginView.xib */ = {isa = PBXFileReference; fileEncoding = 4; lastKnownFileType = file.xib; path = LoginView.xib; sourceTree = "<group>"; };
		2CB9424C1E1D5EA80022A463 /* LoginView.swift */ = {isa = PBXFileReference; fileEncoding = 4; lastKnownFileType = sourcecode.swift; path = LoginView.swift; sourceTree = "<group>"; };
		2CBFB2E71E6031C8008AE60C /* AuthObject.swift */ = {isa = PBXFileReference; fileEncoding = 4; lastKnownFileType = sourcecode.swift; path = AuthObject.swift; sourceTree = "<group>"; };
		2CBFB2E91E6047CE008AE60C /* FriendshipObject.swift */ = {isa = PBXFileReference; fileEncoding = 4; lastKnownFileType = sourcecode.swift; path = FriendshipObject.swift; sourceTree = "<group>"; };
		2CD507C71E3DDEA30095CD4E /* MessageListViewController.swift */ = {isa = PBXFileReference; fileEncoding = 4; lastKnownFileType = sourcecode.swift; path = MessageListViewController.swift; sourceTree = "<group>"; };
		2CD507C91E3E1C1E0095CD4E /* MessageTableListViewController.swift */ = {isa = PBXFileReference; fileEncoding = 4; lastKnownFileType = sourcecode.swift; path = MessageTableListViewController.swift; sourceTree = "<group>"; };
		2CD507CF1E3F79190095CD4E /* ShowMessageView.xib */ = {isa = PBXFileReference; fileEncoding = 4; lastKnownFileType = file.xib; path = ShowMessageView.xib; sourceTree = "<group>"; };
		2CD507D11E3F7A180095CD4E /* ShowMessageView.swift */ = {isa = PBXFileReference; fileEncoding = 4; lastKnownFileType = sourcecode.swift; path = ShowMessageView.swift; sourceTree = "<group>"; };
		2CD507D31E3F90130095CD4E /* MyAnimation.swift */ = {isa = PBXFileReference; fileEncoding = 4; lastKnownFileType = sourcecode.swift; path = MyAnimation.swift; sourceTree = "<group>"; };
		2CDD478F1E1E4C8F00728B8C /* SignUpView.xib */ = {isa = PBXFileReference; fileEncoding = 4; lastKnownFileType = file.xib; path = SignUpView.xib; sourceTree = "<group>"; };
		2CDD47911E1E504500728B8C /* SignUpView.swift */ = {isa = PBXFileReference; fileEncoding = 4; lastKnownFileType = sourcecode.swift; path = SignUpView.swift; sourceTree = "<group>"; };
		2CDD47931E1E950E00728B8C /* MessageViewController.swift */ = {isa = PBXFileReference; fileEncoding = 4; lastKnownFileType = sourcecode.swift; path = MessageViewController.swift; sourceTree = "<group>"; };
		2CDF485D1E1260FE002DD580 /* LocationTalk.app */ = {isa = PBXFileReference; explicitFileType = wrapper.application; includeInIndex = 0; path = LocationTalk.app; sourceTree = BUILT_PRODUCTS_DIR; };
		2CDF48601E1260FE002DD580 /* AppDelegate.swift */ = {isa = PBXFileReference; lastKnownFileType = sourcecode.swift; path = AppDelegate.swift; sourceTree = "<group>"; };
		2CDF48651E1260FE002DD580 /* Base */ = {isa = PBXFileReference; lastKnownFileType = file.storyboard; name = Base; path = Base.lproj/Main.storyboard; sourceTree = "<group>"; };
		2CDF48681E1260FE002DD580 /* LocationTalk.xcdatamodel */ = {isa = PBXFileReference; lastKnownFileType = wrapper.xcdatamodel; path = LocationTalk.xcdatamodel; sourceTree = "<group>"; };
		2CDF486A1E1260FE002DD580 /* Assets.xcassets */ = {isa = PBXFileReference; lastKnownFileType = folder.assetcatalog; path = Assets.xcassets; sourceTree = "<group>"; };
		2CDF486D1E1260FE002DD580 /* Base */ = {isa = PBXFileReference; lastKnownFileType = file.storyboard; name = Base; path = Base.lproj/LaunchScreen.storyboard; sourceTree = "<group>"; };
		2CDF486F1E1260FE002DD580 /* Info.plist */ = {isa = PBXFileReference; lastKnownFileType = text.plist.xml; path = Info.plist; sourceTree = "<group>"; };
		2CDF48741E1260FE002DD580 /* LocationTalkTests.xctest */ = {isa = PBXFileReference; explicitFileType = wrapper.cfbundle; includeInIndex = 0; path = LocationTalkTests.xctest; sourceTree = BUILT_PRODUCTS_DIR; };
		2CDF48781E1260FE002DD580 /* LocationTalkTests.swift */ = {isa = PBXFileReference; lastKnownFileType = sourcecode.swift; path = LocationTalkTests.swift; sourceTree = "<group>"; };
		2CDF487A1E1260FE002DD580 /* Info.plist */ = {isa = PBXFileReference; lastKnownFileType = text.plist.xml; path = Info.plist; sourceTree = "<group>"; };
		2CDF48831E12617A002DD580 /* GoogleService-Info.plist */ = {isa = PBXFileReference; fileEncoding = 4; lastKnownFileType = text.plist.xml; path = "GoogleService-Info.plist"; sourceTree = "<group>"; };
		2CE029CF1E3CAB3F00A1D15C /* MyUser.swift */ = {isa = PBXFileReference; fileEncoding = 4; lastKnownFileType = sourcecode.swift; path = MyUser.swift; sourceTree = "<group>"; };
		2CE029D31E3CADC600A1D15C /* Database.swift */ = {isa = PBXFileReference; fileEncoding = 4; lastKnownFileType = sourcecode.swift; path = Database.swift; sourceTree = "<group>"; };
		2CE029DB1E3CDFD600A1D15C /* AddFriendByEmailView.xib */ = {isa = PBXFileReference; fileEncoding = 4; lastKnownFileType = file.xib; path = AddFriendByEmailView.xib; sourceTree = "<group>"; };
		2CE029DD1E3CE34500A1D15C /* AddFriendByEmailView.swift */ = {isa = PBXFileReference; fileEncoding = 4; lastKnownFileType = sourcecode.swift; path = AddFriendByEmailView.swift; sourceTree = "<group>"; };
		2CE1D1421E28D642007F3804 /* AddFriendViewController.swift */ = {isa = PBXFileReference; fileEncoding = 4; lastKnownFileType = sourcecode.swift; path = AddFriendViewController.swift; sourceTree = "<group>"; };
		2CE1D1441E28DA09007F3804 /* AddFriendByQRViewController.swift */ = {isa = PBXFileReference; fileEncoding = 4; lastKnownFileType = sourcecode.swift; path = AddFriendByQRViewController.swift; sourceTree = "<group>"; };
		2CE1D1461E28DBA6007F3804 /* MyQRcodeViewController.swift */ = {isa = PBXFileReference; fileEncoding = 4; lastKnownFileType = sourcecode.swift; path = MyQRcodeViewController.swift; sourceTree = "<group>"; };
		2CE1D1481E28DBC9007F3804 /* QRcodeScannerViewController.swift */ = {isa = PBXFileReference; fileEncoding = 4; lastKnownFileType = sourcecode.swift; path = QRcodeScannerViewController.swift; sourceTree = "<group>"; };
		2CE1D14A1E2B64B2007F3804 /* LocationViewController.swift */ = {isa = PBXFileReference; fileEncoding = 4; lastKnownFileType = sourcecode.swift; path = LocationViewController.swift; sourceTree = "<group>"; };
		2CE1D14F1E2B697A007F3804 /* MyPlaceServices.swift */ = {isa = PBXFileReference; fileEncoding = 4; lastKnownFileType = sourcecode.swift; path = MyPlaceServices.swift; sourceTree = "<group>"; };
		2CE1D1521E2B83ED007F3804 /* UserPermission.swift */ = {isa = PBXFileReference; fileEncoding = 4; lastKnownFileType = sourcecode.swift; path = UserPermission.swift; sourceTree = "<group>"; };
		2CEA506A1E1BA02B0064E553 /* InvitationViewController.swift */ = {isa = PBXFileReference; fileEncoding = 4; lastKnownFileType = sourcecode.swift; path = InvitationViewController.swift; sourceTree = "<group>"; };
		2CF5A4DA1E30C68A008514DD /* FirebaseFriendship.swift */ = {isa = PBXFileReference; fileEncoding = 4; lastKnownFileType = sourcecode.swift; path = FirebaseFriendship.swift; sourceTree = "<group>"; };
		6E3F199E7C9595CF6BAF78A4 /* Pods-LocationTalkTests.debug.xcconfig */ = {isa = PBXFileReference; includeInIndex = 1; lastKnownFileType = text.xcconfig; name = "Pods-LocationTalkTests.debug.xcconfig"; path = "Pods/Target Support Files/Pods-LocationTalkTests/Pods-LocationTalkTests.debug.xcconfig"; sourceTree = "<group>"; };
		8693A8104F68067565DB7835 /* Pods-LocationTalkTests.release.xcconfig */ = {isa = PBXFileReference; includeInIndex = 1; lastKnownFileType = text.xcconfig; name = "Pods-LocationTalkTests.release.xcconfig"; path = "Pods/Target Support Files/Pods-LocationTalkTests/Pods-LocationTalkTests.release.xcconfig"; sourceTree = "<group>"; };
		B4E7EC6D96A811EDD0B14B98 /* Pods-LocationTalk.debug.xcconfig */ = {isa = PBXFileReference; includeInIndex = 1; lastKnownFileType = text.xcconfig; name = "Pods-LocationTalk.debug.xcconfig"; path = "Pods/Target Support Files/Pods-LocationTalk/Pods-LocationTalk.debug.xcconfig"; sourceTree = "<group>"; };
		D5E3BA1C534696890D51AA18 /* Pods-LocationTalk.release.xcconfig */ = {isa = PBXFileReference; includeInIndex = 1; lastKnownFileType = text.xcconfig; name = "Pods-LocationTalk.release.xcconfig"; path = "Pods/Target Support Files/Pods-LocationTalk/Pods-LocationTalk.release.xcconfig"; sourceTree = "<group>"; };
/* End PBXFileReference section */

/* Begin PBXFrameworksBuildPhase section */
		2CDF485A1E1260FE002DD580 /* Frameworks */ = {
			isa = PBXFrameworksBuildPhase;
			buildActionMask = 2147483647;
			files = (
				2587373A9BC996D82E0FB565 /* Pods_LocationTalk.framework in Frameworks */,
			);
			runOnlyForDeploymentPostprocessing = 0;
		};
		2CDF48711E1260FE002DD580 /* Frameworks */ = {
			isa = PBXFrameworksBuildPhase;
			buildActionMask = 2147483647;
			files = (
				B7B524B9CBFE0F7D403B98C8 /* Pods_LocationTalkTests.framework in Frameworks */,
			);
			runOnlyForDeploymentPostprocessing = 0;
		};
/* End PBXFrameworksBuildPhase section */

/* Begin PBXGroup section */
		0ADBD2D6AA9C06D919F61074 /* Frameworks */ = {
			isa = PBXGroup;
			children = (
				09560E0EB15FE83AC6051FBD /* Pods_LocationTalk.framework */,
				11540A9C0B3C9CCB3758A532 /* Pods_LocationTalkTests.framework */,
			);
			name = Frameworks;
			sourceTree = "<group>";
		};
		2C1DDB071E22C33F007C4165 /* Animation */ = {
			isa = PBXGroup;
			children = (
				2C1DDB081E22C378007C4165 /* CustomPresentAnimationController.swift */,
				2CD507D31E3F90130095CD4E /* MyAnimation.swift */,
			);
			name = Animation;
			sourceTree = "<group>";
		};
		2C3AE4521E5EE35400431706 /* Extension */ = {
			isa = PBXGroup;
			children = (
				2C3AE4551E5EE3AD00431706 /* Extension.swift */,
			);
			name = Extension;
			sourceTree = "<group>";
		};
		2C4AED351E126A6500FCE88F /* Protocol */ = {
			isa = PBXGroup;
			children = (
				2C4AED361E126A7400FCE88F /* AccountProtocol.swift */,
			);
			name = Protocol;
			sourceTree = "<group>";
		};
		2C4AED421E1273D000FCE88F /* Controller */ = {
			isa = PBXGroup;
			children = (
				2C4AED381E126AAC00FCE88F /* LoginViewController.swift */,
				2C4AED3A1E126AD800FCE88F /* SignUpViewController.swift */,
				2C4AED3E1E126EA000FCE88F /* FriendListViewController.swift */,
				2CE1D1421E28D642007F3804 /* AddFriendViewController.swift */,
				2C4AED401E126EC700FCE88F /* AddFriendByEmailViewController.swift */,
				2CE1D1441E28DA09007F3804 /* AddFriendByQRViewController.swift */,
				2CE1D1461E28DBA6007F3804 /* MyQRcodeViewController.swift */,
				2CE1D1481E28DBC9007F3804 /* QRcodeScannerViewController.swift */,
				2CEA506A1E1BA02B0064E553 /* InvitationViewController.swift */,
				2CDD47931E1E950E00728B8C /* MessageViewController.swift */,
				2CE1D14A1E2B64B2007F3804 /* LocationViewController.swift */,
				2CD507C71E3DDEA30095CD4E /* MessageListViewController.swift */,
				2CD507C91E3E1C1E0095CD4E /* MessageTableListViewController.swift */,
				2C3AE4571E5F235600431706 /* MessageMapListViewController.swift */,
			);
			name = Controller;
			sourceTree = "<group>";
		};
		2C4B35DD1E14FF9C007C4C30 /* Model */ = {
			isa = PBXGroup;
			children = (
				2C4B35DE1E14FFBE007C4C30 /* FriendInfo.swift */,
				2C1DDB0C1E23B2CF007C4165 /* Message.swift */,
				2CE029CF1E3CAB3F00A1D15C /* MyUser.swift */,
			);
			name = Model;
			sourceTree = "<group>";
		};
		2C4B35E21E154407007C4C30 /* FireBase */ = {
			isa = PBXGroup;
			children = (
				2CB9423F1E1CD79F0022A463 /* FirebaseAuth.swift */,
				2CF5A4DA1E30C68A008514DD /* FirebaseFriendship.swift */,
				2C1DDB0E1E23BF69007C4165 /* FirebaseMessage.swift */,
			);
			name = FireBase;
			sourceTree = "<group>";
		};
		2CB942411E1D537B0022A463 /* View */ = {
			isa = PBXGroup;
			children = (
				2CB9424A1E1D576D0022A463 /* LoginView.xib */,
				2CB9424C1E1D5EA80022A463 /* LoginView.swift */,
				2CDD478F1E1E4C8F00728B8C /* SignUpView.xib */,
				2CDD47911E1E504500728B8C /* SignUpView.swift */,
				2C3D0D201E223AA5008184B0 /* SendMessageHeaderView.xib */,
				2C3D0D221E224788008184B0 /* SendMessageHeaderView.swift */,
				2C2B563F1E2CFF82003E0F0A /* LocationView.xib */,
				2C2B56411E2D0462003E0F0A /* LocationView.swift */,
				2CE029DB1E3CDFD600A1D15C /* AddFriendByEmailView.xib */,
				2CE029DD1E3CE34500A1D15C /* AddFriendByEmailView.swift */,
				2CD507CF1E3F79190095CD4E /* ShowMessageView.xib */,
				2CD507D11E3F7A180095CD4E /* ShowMessageView.swift */,
				2C3AE44E1E5EDF6400431706 /* MessageListCell.swift */,
				2C3AE44F1E5EDF6400431706 /* MessageListCell.xib */,
			);
			name = View;
			sourceTree = "<group>";
		};
		2CDF48541E1260FE002DD580 = {
			isa = PBXGroup;
			children = (
				2CDF485F1E1260FE002DD580 /* LocationTalk */,
				2CDF48771E1260FE002DD580 /* LocationTalkTests */,
				2CDF485E1E1260FE002DD580 /* Products */,
				FD54DE1D69AC193F91628469 /* Pods */,
				0ADBD2D6AA9C06D919F61074 /* Frameworks */,
			);
			sourceTree = "<group>";
		};
		2CDF485E1E1260FE002DD580 /* Products */ = {
			isa = PBXGroup;
			children = (
				2CDF485D1E1260FE002DD580 /* LocationTalk.app */,
				2CDF48741E1260FE002DD580 /* LocationTalkTests.xctest */,
			);
			name = Products;
			sourceTree = "<group>";
		};
		2CDF485F1E1260FE002DD580 /* LocationTalk */ = {
			isa = PBXGroup;
			children = (
				2CE52B901E6307A30028B799 /* Database */,
				2C3AE4521E5EE35400431706 /* Extension */,
				2CE1D1511E2B83A2007F3804 /* Tool */,
				2CE1D14C1E2B67B8007F3804 /* Google */,
				2C1DDB071E22C33F007C4165 /* Animation */,
				2CB942411E1D537B0022A463 /* View */,
				2C4AED351E126A6500FCE88F /* Protocol */,
				2C4B35DD1E14FF9C007C4C30 /* Model */,
				2C4AED421E1273D000FCE88F /* Controller */,
				2CDF48601E1260FE002DD580 /* AppDelegate.swift */,
				2C3D0D1E1E22295E008184B0 /* icon.xcassets */,
				2C4AED331E126A4200FCE88F /* Constants.swift */,
				2C4B35E01E1514A7007C4C30 /* MyProfile.swift */,
				2CDF48641E1260FE002DD580 /* Main.storyboard */,
				2CDF486A1E1260FE002DD580 /* Assets.xcassets */,
				2CDF486C1E1260FE002DD580 /* LaunchScreen.storyboard */,
				2CDF486F1E1260FE002DD580 /* Info.plist */,
				2CDF48671E1260FE002DD580 /* LocationTalk.xcdatamodeld */,
				2CDF48831E12617A002DD580 /* GoogleService-Info.plist */,
			);
			path = LocationTalk;
			sourceTree = "<group>";
		};
		2CDF48771E1260FE002DD580 /* LocationTalkTests */ = {
			isa = PBXGroup;
			children = (
				2CDF48781E1260FE002DD580 /* LocationTalkTests.swift */,
				2CDF487A1E1260FE002DD580 /* Info.plist */,
			);
			path = LocationTalkTests;
			sourceTree = "<group>";
		};
		2CE1D14C1E2B67B8007F3804 /* Google */ = {
			isa = PBXGroup;
			children = (
				2CE1D14F1E2B697A007F3804 /* MyPlaceServices.swift */,
			);
			name = Google;
			sourceTree = "<group>";
		};
		2CE1D1511E2B83A2007F3804 /* Tool */ = {
			isa = PBXGroup;
			children = (
				2CE1D1521E2B83ED007F3804 /* UserPermission.swift */,
			);
			name = Tool;
			sourceTree = "<group>";
		};
		2CE52B901E6307A30028B799 /* Database */ = {
			isa = PBXGroup;
			children = (
				2CE029D31E3CADC600A1D15C /* Database.swift */,
				2CBFB2E71E6031C8008AE60C /* AuthObject.swift */,
				2CBFB2E91E6047CE008AE60C /* FriendshipObject.swift */,
				2CA746AF1E657BD30032F67E /* MessageObject.swift */,
				2C4B35E21E154407007C4C30 /* FireBase */,
			);
			name = Database;
			sourceTree = "<group>";
		};
		FD54DE1D69AC193F91628469 /* Pods */ = {
			isa = PBXGroup;
			children = (
				B4E7EC6D96A811EDD0B14B98 /* Pods-LocationTalk.debug.xcconfig */,
				D5E3BA1C534696890D51AA18 /* Pods-LocationTalk.release.xcconfig */,
				6E3F199E7C9595CF6BAF78A4 /* Pods-LocationTalkTests.debug.xcconfig */,
				8693A8104F68067565DB7835 /* Pods-LocationTalkTests.release.xcconfig */,
			);
			name = Pods;
			sourceTree = "<group>";
		};
/* End PBXGroup section */

/* Begin PBXNativeTarget section */
		2CDF485C1E1260FE002DD580 /* LocationTalk */ = {
			isa = PBXNativeTarget;
			buildConfigurationList = 2CDF487D1E1260FE002DD580 /* Build configuration list for PBXNativeTarget "LocationTalk" */;
			buildPhases = (
				67DC9E1C352970381BAEB9F1 /* [CP] Check Pods Manifest.lock */,
				2CDF48591E1260FE002DD580 /* Sources */,
				2CDF485A1E1260FE002DD580 /* Frameworks */,
				2CDF485B1E1260FE002DD580 /* Resources */,
				C1594A3A3E1E06BB7240A24C /* [CP] Embed Pods Frameworks */,
				D94A6AFD589D85C9D682435B /* [CP] Copy Pods Resources */,
			);
			buildRules = (
			);
			dependencies = (
			);
			name = LocationTalk;
			productName = LocationTalk;
			productReference = 2CDF485D1E1260FE002DD580 /* LocationTalk.app */;
			productType = "com.apple.product-type.application";
		};
		2CDF48731E1260FE002DD580 /* LocationTalkTests */ = {
			isa = PBXNativeTarget;
			buildConfigurationList = 2CDF48801E1260FE002DD580 /* Build configuration list for PBXNativeTarget "LocationTalkTests" */;
			buildPhases = (
				20963D3715D02AB197C7CEE6 /* [CP] Check Pods Manifest.lock */,
				2CDF48701E1260FE002DD580 /* Sources */,
				2CDF48711E1260FE002DD580 /* Frameworks */,
				2CDF48721E1260FE002DD580 /* Resources */,
				74E282417BD8CE7F51F8D013 /* [CP] Embed Pods Frameworks */,
				AE24CCC930E7E0C7C0AF36F6 /* [CP] Copy Pods Resources */,
			);
			buildRules = (
			);
			dependencies = (
				2CDF48761E1260FE002DD580 /* PBXTargetDependency */,
			);
			name = LocationTalkTests;
			productName = LocationTalkTests;
			productReference = 2CDF48741E1260FE002DD580 /* LocationTalkTests.xctest */;
			productType = "com.apple.product-type.bundle.unit-test";
		};
/* End PBXNativeTarget section */

/* Begin PBXProject section */
		2CDF48551E1260FE002DD580 /* Project object */ = {
			isa = PBXProject;
			attributes = {
				LastSwiftUpdateCheck = 0820;
				LastUpgradeCheck = 0820;
				ORGANIZATIONNAME = "鄭宇翔";
				TargetAttributes = {
					2CDF485C1E1260FE002DD580 = {
						CreatedOnToolsVersion = 8.2.1;
						DevelopmentTeam = UG6S92QCHF;
						ProvisioningStyle = Automatic;
					};
					2CDF48731E1260FE002DD580 = {
						CreatedOnToolsVersion = 8.2.1;
						ProvisioningStyle = Automatic;
						TestTargetID = 2CDF485C1E1260FE002DD580;
					};
				};
			};
			buildConfigurationList = 2CDF48581E1260FE002DD580 /* Build configuration list for PBXProject "LocationTalk" */;
			compatibilityVersion = "Xcode 3.2";
			developmentRegion = English;
			hasScannedForEncodings = 0;
			knownRegions = (
				en,
				Base,
			);
			mainGroup = 2CDF48541E1260FE002DD580;
			productRefGroup = 2CDF485E1E1260FE002DD580 /* Products */;
			projectDirPath = "";
			projectRoot = "";
			targets = (
				2CDF485C1E1260FE002DD580 /* LocationTalk */,
				2CDF48731E1260FE002DD580 /* LocationTalkTests */,
			);
		};
/* End PBXProject section */

/* Begin PBXResourcesBuildPhase section */
		2CDF485B1E1260FE002DD580 /* Resources */ = {
			isa = PBXResourcesBuildPhase;
			buildActionMask = 2147483647;
			files = (
				2CE029DC1E3CDFD600A1D15C /* AddFriendByEmailView.xib in Resources */,
				2C3AE4511E5EDF6400431706 /* MessageListCell.xib in Resources */,
				2CDD47901E1E4C8F00728B8C /* SignUpView.xib in Resources */,
				2CDF486E1E1260FE002DD580 /* LaunchScreen.storyboard in Resources */,
				2C3D0D1F1E22295E008184B0 /* icon.xcassets in Resources */,
				2CDF48841E12617A002DD580 /* GoogleService-Info.plist in Resources */,
				2CDF486B1E1260FE002DD580 /* Assets.xcassets in Resources */,
				2C3D0D211E223AA5008184B0 /* SendMessageHeaderView.xib in Resources */,
				2CD507D01E3F79190095CD4E /* ShowMessageView.xib in Resources */,
				2CB9424B1E1D576D0022A463 /* LoginView.xib in Resources */,
				2C2B56401E2CFF82003E0F0A /* LocationView.xib in Resources */,
				2CDF48661E1260FE002DD580 /* Main.storyboard in Resources */,
			);
			runOnlyForDeploymentPostprocessing = 0;
		};
		2CDF48721E1260FE002DD580 /* Resources */ = {
			isa = PBXResourcesBuildPhase;
			buildActionMask = 2147483647;
			files = (
			);
			runOnlyForDeploymentPostprocessing = 0;
		};
/* End PBXResourcesBuildPhase section */

/* Begin PBXShellScriptBuildPhase section */
		20963D3715D02AB197C7CEE6 /* [CP] Check Pods Manifest.lock */ = {
			isa = PBXShellScriptBuildPhase;
			buildActionMask = 2147483647;
			files = (
			);
			inputPaths = (
			);
			name = "[CP] Check Pods Manifest.lock";
			outputPaths = (
			);
			runOnlyForDeploymentPostprocessing = 0;
			shellPath = /bin/sh;
			shellScript = "diff \"${PODS_ROOT}/../Podfile.lock\" \"${PODS_ROOT}/Manifest.lock\" > /dev/null\nif [ $? != 0 ] ; then\n    # print error to STDERR\n    echo \"error: The sandbox is not in sync with the Podfile.lock. Run 'pod install' or update your CocoaPods installation.\" >&2\n    exit 1\nfi\n";
			showEnvVarsInLog = 0;
		};
		67DC9E1C352970381BAEB9F1 /* [CP] Check Pods Manifest.lock */ = {
			isa = PBXShellScriptBuildPhase;
			buildActionMask = 2147483647;
			files = (
			);
			inputPaths = (
			);
			name = "[CP] Check Pods Manifest.lock";
			outputPaths = (
			);
			runOnlyForDeploymentPostprocessing = 0;
			shellPath = /bin/sh;
			shellScript = "diff \"${PODS_ROOT}/../Podfile.lock\" \"${PODS_ROOT}/Manifest.lock\" > /dev/null\nif [ $? != 0 ] ; then\n    # print error to STDERR\n    echo \"error: The sandbox is not in sync with the Podfile.lock. Run 'pod install' or update your CocoaPods installation.\" >&2\n    exit 1\nfi\n";
			showEnvVarsInLog = 0;
		};
		74E282417BD8CE7F51F8D013 /* [CP] Embed Pods Frameworks */ = {
			isa = PBXShellScriptBuildPhase;
			buildActionMask = 2147483647;
			files = (
			);
			inputPaths = (
			);
			name = "[CP] Embed Pods Frameworks";
			outputPaths = (
			);
			runOnlyForDeploymentPostprocessing = 0;
			shellPath = /bin/sh;
			shellScript = "\"${SRCROOT}/Pods/Target Support Files/Pods-LocationTalkTests/Pods-LocationTalkTests-frameworks.sh\"\n";
			showEnvVarsInLog = 0;
		};
		AE24CCC930E7E0C7C0AF36F6 /* [CP] Copy Pods Resources */ = {
			isa = PBXShellScriptBuildPhase;
			buildActionMask = 2147483647;
			files = (
			);
			inputPaths = (
			);
			name = "[CP] Copy Pods Resources";
			outputPaths = (
			);
			runOnlyForDeploymentPostprocessing = 0;
			shellPath = /bin/sh;
			shellScript = "\"${SRCROOT}/Pods/Target Support Files/Pods-LocationTalkTests/Pods-LocationTalkTests-resources.sh\"\n";
			showEnvVarsInLog = 0;
		};
		C1594A3A3E1E06BB7240A24C /* [CP] Embed Pods Frameworks */ = {
			isa = PBXShellScriptBuildPhase;
			buildActionMask = 2147483647;
			files = (
			);
			inputPaths = (
			);
			name = "[CP] Embed Pods Frameworks";
			outputPaths = (
			);
			runOnlyForDeploymentPostprocessing = 0;
			shellPath = /bin/sh;
			shellScript = "\"${SRCROOT}/Pods/Target Support Files/Pods-LocationTalk/Pods-LocationTalk-frameworks.sh\"\n";
			showEnvVarsInLog = 0;
		};
		D94A6AFD589D85C9D682435B /* [CP] Copy Pods Resources */ = {
			isa = PBXShellScriptBuildPhase;
			buildActionMask = 2147483647;
			files = (
			);
			inputPaths = (
			);
			name = "[CP] Copy Pods Resources";
			outputPaths = (
			);
			runOnlyForDeploymentPostprocessing = 0;
			shellPath = /bin/sh;
			shellScript = "\"${SRCROOT}/Pods/Target Support Files/Pods-LocationTalk/Pods-LocationTalk-resources.sh\"\n";
			showEnvVarsInLog = 0;
		};
/* End PBXShellScriptBuildPhase section */

/* Begin PBXSourcesBuildPhase section */
		2CDF48591E1260FE002DD580 /* Sources */ = {
			isa = PBXSourcesBuildPhase;
			buildActionMask = 2147483647;
			files = (
				2C4AED3B1E126AD800FCE88F /* SignUpViewController.swift in Sources */,
				2CEA506B1E1BA02B0064E553 /* InvitationViewController.swift in Sources */,
				2CD507CA1E3E1C1E0095CD4E /* MessageTableListViewController.swift in Sources */,
				2CE1D1471E28DBA6007F3804 /* MyQRcodeViewController.swift in Sources */,
				2C4AED391E126AAC00FCE88F /* LoginViewController.swift in Sources */,
				2CB9424D1E1D5EA80022A463 /* LoginView.swift in Sources */,
				2CD507D41E3F90130095CD4E /* MyAnimation.swift in Sources */,
				2C4AED411E126EC700FCE88F /* AddFriendByEmailViewController.swift in Sources */,
				2CE1D1531E2B83ED007F3804 /* UserPermission.swift in Sources */,
				2C3D0D231E224788008184B0 /* SendMessageHeaderView.swift in Sources */,
				2CE1D1501E2B697A007F3804 /* MyPlaceServices.swift in Sources */,
				2CE1D14B1E2B64B2007F3804 /* LocationViewController.swift in Sources */,
				2C1DDB091E22C378007C4165 /* CustomPresentAnimationController.swift in Sources */,
				2CE1D1431E28D642007F3804 /* AddFriendViewController.swift in Sources */,
				2C3AE4581E5F235600431706 /* MessageMapListViewController.swift in Sources */,
				2C4B35E11E1514A7007C4C30 /* MyProfile.swift in Sources */,
				2CDF48611E1260FE002DD580 /* AppDelegate.swift in Sources */,
				2C1DDB0F1E23BF69007C4165 /* FirebaseMessage.swift in Sources */,
				2CE1D1491E28DBC9007F3804 /* QRcodeScannerViewController.swift in Sources */,
				2CB942401E1CD79F0022A463 /* FirebaseAuth.swift in Sources */,
				2CE029DE1E3CE34500A1D15C /* AddFriendByEmailView.swift in Sources */,
				2C4AED3F1E126EA000FCE88F /* FriendListViewController.swift in Sources */,
				2CDF48691E1260FE002DD580 /* LocationTalk.xcdatamodeld in Sources */,
				2CE029D01E3CAB3F00A1D15C /* MyUser.swift in Sources */,
				2C4AED371E126A7400FCE88F /* AccountProtocol.swift in Sources */,
				2CDD47921E1E504500728B8C /* SignUpView.swift in Sources */,
				2CBFB2EA1E6047CE008AE60C /* FriendshipObject.swift in Sources */,
				2CD507D21E3F7A180095CD4E /* ShowMessageView.swift in Sources */,
				2C2B56421E2D0462003E0F0A /* LocationView.swift in Sources */,
				2CE1D1451E28DA09007F3804 /* AddFriendByQRViewController.swift in Sources */,
				2CDD47941E1E950E00728B8C /* MessageViewController.swift in Sources */,
				2C3AE4561E5EE3AD00431706 /* Extension.swift in Sources */,
				2CE029D41E3CADC600A1D15C /* Database.swift in Sources */,
				2C3AE4501E5EDF6400431706 /* MessageListCell.swift in Sources */,
				2CBFB2E81E6031C8008AE60C /* AuthObject.swift in Sources */,
				2C1DDB0D1E23B2CF007C4165 /* Message.swift in Sources */,
				2C4AED341E126A4200FCE88F /* Constants.swift in Sources */,
				2CF5A4DB1E30C68A008514DD /* FirebaseFriendship.swift in Sources */,
				2CD507C81E3DDEA30095CD4E /* MessageListViewController.swift in Sources */,
				2C4B35DF1E14FFBE007C4C30 /* FriendInfo.swift in Sources */,
				2CA746B01E657BD30032F67E /* MessageObject.swift in Sources */,
			);
			runOnlyForDeploymentPostprocessing = 0;
		};
		2CDF48701E1260FE002DD580 /* Sources */ = {
			isa = PBXSourcesBuildPhase;
			buildActionMask = 2147483647;
			files = (
				2CDF48791E1260FE002DD580 /* LocationTalkTests.swift in Sources */,
			);
			runOnlyForDeploymentPostprocessing = 0;
		};
/* End PBXSourcesBuildPhase section */

/* Begin PBXTargetDependency section */
		2CDF48761E1260FE002DD580 /* PBXTargetDependency */ = {
			isa = PBXTargetDependency;
			target = 2CDF485C1E1260FE002DD580 /* LocationTalk */;
			targetProxy = 2CDF48751E1260FE002DD580 /* PBXContainerItemProxy */;
		};
/* End PBXTargetDependency section */

/* Begin PBXVariantGroup section */
		2CDF48641E1260FE002DD580 /* Main.storyboard */ = {
			isa = PBXVariantGroup;
			children = (
				2CDF48651E1260FE002DD580 /* Base */,
			);
			name = Main.storyboard;
			sourceTree = "<group>";
		};
		2CDF486C1E1260FE002DD580 /* LaunchScreen.storyboard */ = {
			isa = PBXVariantGroup;
			children = (
				2CDF486D1E1260FE002DD580 /* Base */,
			);
			name = LaunchScreen.storyboard;
			sourceTree = "<group>";
		};
/* End PBXVariantGroup section */

/* Begin XCBuildConfiguration section */
		2CDF487B1E1260FE002DD580 /* Debug */ = {
			isa = XCBuildConfiguration;
			buildSettings = {
				ALWAYS_SEARCH_USER_PATHS = NO;
				CLANG_ANALYZER_NONNULL = YES;
				CLANG_CXX_LANGUAGE_STANDARD = "gnu++0x";
				CLANG_CXX_LIBRARY = "libc++";
				CLANG_ENABLE_MODULES = YES;
				CLANG_ENABLE_OBJC_ARC = YES;
				CLANG_WARN_BOOL_CONVERSION = YES;
				CLANG_WARN_CONSTANT_CONVERSION = YES;
				CLANG_WARN_DIRECT_OBJC_ISA_USAGE = YES_ERROR;
				CLANG_WARN_DOCUMENTATION_COMMENTS = YES;
				CLANG_WARN_EMPTY_BODY = YES;
				CLANG_WARN_ENUM_CONVERSION = YES;
				CLANG_WARN_INFINITE_RECURSION = YES;
				CLANG_WARN_INT_CONVERSION = YES;
				CLANG_WARN_OBJC_ROOT_CLASS = YES_ERROR;
				CLANG_WARN_SUSPICIOUS_MOVE = YES;
				CLANG_WARN_UNREACHABLE_CODE = YES;
				CLANG_WARN__DUPLICATE_METHOD_MATCH = YES;
				"CODE_SIGN_IDENTITY[sdk=iphoneos*]" = "iPhone Developer";
				COPY_PHASE_STRIP = NO;
				DEBUG_ACTIVITY_MODE = "";
				"DEBUG_ACTIVITY_MODE[sdk=iphonesimulator*]" = disable;
				DEBUG_INFORMATION_FORMAT = dwarf;
				ENABLE_STRICT_OBJC_MSGSEND = YES;
				ENABLE_TESTABILITY = YES;
				GCC_C_LANGUAGE_STANDARD = gnu99;
				GCC_DYNAMIC_NO_PIC = NO;
				GCC_NO_COMMON_BLOCKS = YES;
				GCC_OPTIMIZATION_LEVEL = 0;
				GCC_PREPROCESSOR_DEFINITIONS = (
					"DEBUG=1",
					"$(inherited)",
				);
				GCC_WARN_64_TO_32_BIT_CONVERSION = YES;
				GCC_WARN_ABOUT_RETURN_TYPE = YES_ERROR;
				GCC_WARN_UNDECLARED_SELECTOR = YES;
				GCC_WARN_UNINITIALIZED_AUTOS = YES_AGGRESSIVE;
				GCC_WARN_UNUSED_FUNCTION = YES;
				GCC_WARN_UNUSED_VARIABLE = YES;
				IPHONEOS_DEPLOYMENT_TARGET = 10.2;
				MTL_ENABLE_DEBUG_INFO = YES;
				ONLY_ACTIVE_ARCH = YES;
				SDKROOT = iphoneos;
				SWIFT_ACTIVE_COMPILATION_CONDITIONS = DEBUG;
				SWIFT_OPTIMIZATION_LEVEL = "-Onone";
			};
			name = Debug;
		};
		2CDF487C1E1260FE002DD580 /* Release */ = {
			isa = XCBuildConfiguration;
			buildSettings = {
				ALWAYS_SEARCH_USER_PATHS = NO;
				CLANG_ANALYZER_NONNULL = YES;
				CLANG_CXX_LANGUAGE_STANDARD = "gnu++0x";
				CLANG_CXX_LIBRARY = "libc++";
				CLANG_ENABLE_MODULES = YES;
				CLANG_ENABLE_OBJC_ARC = YES;
				CLANG_WARN_BOOL_CONVERSION = YES;
				CLANG_WARN_CONSTANT_CONVERSION = YES;
				CLANG_WARN_DIRECT_OBJC_ISA_USAGE = YES_ERROR;
				CLANG_WARN_DOCUMENTATION_COMMENTS = YES;
				CLANG_WARN_EMPTY_BODY = YES;
				CLANG_WARN_ENUM_CONVERSION = YES;
				CLANG_WARN_INFINITE_RECURSION = YES;
				CLANG_WARN_INT_CONVERSION = YES;
				CLANG_WARN_OBJC_ROOT_CLASS = YES_ERROR;
				CLANG_WARN_SUSPICIOUS_MOVE = YES;
				CLANG_WARN_UNREACHABLE_CODE = YES;
				CLANG_WARN__DUPLICATE_METHOD_MATCH = YES;
				"CODE_SIGN_IDENTITY[sdk=iphoneos*]" = "iPhone Developer";
				COPY_PHASE_STRIP = NO;
				DEBUG_ACTIVITY_MODE = "";
				DEBUG_INFORMATION_FORMAT = "dwarf-with-dsym";
				ENABLE_NS_ASSERTIONS = NO;
				ENABLE_STRICT_OBJC_MSGSEND = YES;
				GCC_C_LANGUAGE_STANDARD = gnu99;
				GCC_NO_COMMON_BLOCKS = YES;
				GCC_WARN_64_TO_32_BIT_CONVERSION = YES;
				GCC_WARN_ABOUT_RETURN_TYPE = YES_ERROR;
				GCC_WARN_UNDECLARED_SELECTOR = YES;
				GCC_WARN_UNINITIALIZED_AUTOS = YES_AGGRESSIVE;
				GCC_WARN_UNUSED_FUNCTION = YES;
				GCC_WARN_UNUSED_VARIABLE = YES;
				IPHONEOS_DEPLOYMENT_TARGET = 10.2;
				MTL_ENABLE_DEBUG_INFO = NO;
				SDKROOT = iphoneos;
				SWIFT_OPTIMIZATION_LEVEL = "-Owholemodule";
				VALIDATE_PRODUCT = YES;
			};
			name = Release;
		};
		2CDF487E1E1260FE002DD580 /* Debug */ = {
			isa = XCBuildConfiguration;
			baseConfigurationReference = B4E7EC6D96A811EDD0B14B98 /* Pods-LocationTalk.debug.xcconfig */;
			buildSettings = {
				ASSETCATALOG_COMPILER_APPICON_NAME = AppIcon;
				DEVELOPMENT_TEAM = UG6S92QCHF;
				INFOPLIST_FILE = LocationTalk/Info.plist;
				IPHONEOS_DEPLOYMENT_TARGET = 10.2;
				LD_RUNPATH_SEARCH_PATHS = "$(inherited) @executable_path/Frameworks";
				PRODUCT_BUNDLE_IDENTIFIER = EddieCheng.LocationTalk;
				PRODUCT_NAME = "$(TARGET_NAME)";
				SWIFT_VERSION = 3.0;
			};
			name = Debug;
		};
		2CDF487F1E1260FE002DD580 /* Release */ = {
			isa = XCBuildConfiguration;
			baseConfigurationReference = D5E3BA1C534696890D51AA18 /* Pods-LocationTalk.release.xcconfig */;
			buildSettings = {
				ASSETCATALOG_COMPILER_APPICON_NAME = AppIcon;
				DEVELOPMENT_TEAM = UG6S92QCHF;
				INFOPLIST_FILE = LocationTalk/Info.plist;
				IPHONEOS_DEPLOYMENT_TARGET = 10.2;
				LD_RUNPATH_SEARCH_PATHS = "$(inherited) @executable_path/Frameworks";
				PRODUCT_BUNDLE_IDENTIFIER = EddieCheng.LocationTalk;
				PRODUCT_NAME = "$(TARGET_NAME)";
				SWIFT_VERSION = 3.0;
			};
			name = Release;
		};
		2CDF48811E1260FE002DD580 /* Debug */ = {
			isa = XCBuildConfiguration;
			baseConfigurationReference = 6E3F199E7C9595CF6BAF78A4 /* Pods-LocationTalkTests.debug.xcconfig */;
			buildSettings = {
				ALWAYS_EMBED_SWIFT_STANDARD_LIBRARIES = YES;
				BUNDLE_LOADER = "$(TEST_HOST)";
				INFOPLIST_FILE = LocationTalkTests/Info.plist;
				LD_RUNPATH_SEARCH_PATHS = "$(inherited) @executable_path/Frameworks @loader_path/Frameworks";
				PRODUCT_BUNDLE_IDENTIFIER = EddieCheng.LocationTalkTests;
				PRODUCT_NAME = "$(TARGET_NAME)";
				SWIFT_VERSION = 3.0;
				TEST_HOST = "$(BUILT_PRODUCTS_DIR)/LocationTalk.app/LocationTalk";
			};
			name = Debug;
		};
		2CDF48821E1260FE002DD580 /* Release */ = {
			isa = XCBuildConfiguration;
			baseConfigurationReference = 8693A8104F68067565DB7835 /* Pods-LocationTalkTests.release.xcconfig */;
			buildSettings = {
				ALWAYS_EMBED_SWIFT_STANDARD_LIBRARIES = YES;
				BUNDLE_LOADER = "$(TEST_HOST)";
				INFOPLIST_FILE = LocationTalkTests/Info.plist;
				LD_RUNPATH_SEARCH_PATHS = "$(inherited) @executable_path/Frameworks @loader_path/Frameworks";
				PRODUCT_BUNDLE_IDENTIFIER = EddieCheng.LocationTalkTests;
				PRODUCT_NAME = "$(TARGET_NAME)";
				SWIFT_VERSION = 3.0;
				TEST_HOST = "$(BUILT_PRODUCTS_DIR)/LocationTalk.app/LocationTalk";
			};
			name = Release;
		};
/* End XCBuildConfiguration section */

/* Begin XCConfigurationList section */
		2CDF48581E1260FE002DD580 /* Build configuration list for PBXProject "LocationTalk" */ = {
			isa = XCConfigurationList;
			buildConfigurations = (
				2CDF487B1E1260FE002DD580 /* Debug */,
				2CDF487C1E1260FE002DD580 /* Release */,
			);
			defaultConfigurationIsVisible = 0;
			defaultConfigurationName = Release;
		};
		2CDF487D1E1260FE002DD580 /* Build configuration list for PBXNativeTarget "LocationTalk" */ = {
			isa = XCConfigurationList;
			buildConfigurations = (
				2CDF487E1E1260FE002DD580 /* Debug */,
				2CDF487F1E1260FE002DD580 /* Release */,
			);
			defaultConfigurationIsVisible = 0;
			defaultConfigurationName = Release;
		};
		2CDF48801E1260FE002DD580 /* Build configuration list for PBXNativeTarget "LocationTalkTests" */ = {
			isa = XCConfigurationList;
			buildConfigurations = (
				2CDF48811E1260FE002DD580 /* Debug */,
				2CDF48821E1260FE002DD580 /* Release */,
			);
			defaultConfigurationIsVisible = 0;
			defaultConfigurationName = Release;
		};
/* End XCConfigurationList section */

/* Begin XCVersionGroup section */
		2CDF48671E1260FE002DD580 /* LocationTalk.xcdatamodeld */ = {
			isa = XCVersionGroup;
			children = (
				2CDF48681E1260FE002DD580 /* LocationTalk.xcdatamodel */,
			);
			currentVersion = 2CDF48681E1260FE002DD580 /* LocationTalk.xcdatamodel */;
			path = LocationTalk.xcdatamodeld;
			sourceTree = "<group>";
			versionGroupType = wrapper.xcdatamodel;
		};
/* End XCVersionGroup section */
	};
	rootObject = 2CDF48551E1260FE002DD580 /* Project object */;
}
